
Microsoft Visual Studio Solution File, Format Version 12.00
# Visual Studio 15
VisualStudioVersion = 15.0.28010.2050
MinimumVisualStudioVersion = 10.0.40219.1
Project("{FAE04EC0-301F-11D3-BF4B-00C04F79EFBC}") = "AspNetCoreScriptBundles.Site", "AspNetCoreScriptBundles.Site\AspNetCoreScriptBundles.Site.csproj", "{9F00EBB9-A6BD-412C-B710-61E02D7EF56E}"
EndProject
Global
	GlobalSection(SolutionConfigurationPlatforms) = preSolution
		Debug|Any CPU = Debug|Any CPU
		Release|Any CPU = Release|Any CPU
	EndGlobalSection
	GlobalSection(ProjectConfigurationPlatforms) = postSolution
		{9F00EBB9-A6BD-412C-B710-61E02D7EF56E}.Debug|Any CPU.ActiveCfg = Debug|Any CPU
		{9F00EBB9-A6BD-412C-B710-61E02D7EF56E}.Debug|Any CPU.Build.0 = Debug|Any CPU
		{9F00EBB9-A6BD-412C-B710-61E02D7EF56E}.Release|Any CPU.ActiveCfg = Release|Any CPU
		{9F00EBB9-A6BD-412C-B710-61E02D7EF56E}.Release|Any CPU.Build.0 = Release|Any CPU
	EndGlobalSection
	GlobalSection(SolutionProperties) = preSolution
		HideSolutionNode = FALSE
	EndGlobalSection
	GlobalSection(ExtensibilityGlobals) = postSolution
		SolutionGuid = {514F0D07-BD20-43F7-AB50-0D92BED9FDA8}
	EndGlobalSection
EndGlobal
